
Microsoft Visual Studio Solution File, Format Version 12.00
# Visual Studio Version 17
VisualStudioVersion = 17.10.34804.81
MinimumVisualStudioVersion = 10.0.40219.1
Project("{9A19103F-16F7-4668-BE54-9A1E7A4F7556}") = "Uno.ServerDrivenUI", "Uno.ServerDrivenUI.csproj", "{90C2D61E-F180-45A5-9D44-89C5814E089A}"
EndProject
Project("{2150E333-8FDC-42A3-9474-1A3956D46DE8}") = "Tests", "Tests", "{31C4D73A-F716-4D0A-BB28-142BE5E28F97}"
EndProject
Project("{2150E333-8FDC-42A3-9474-1A3956D46DE8}") = "Samples", "Samples", "{99A5B9CA-EC07-429F-B65A-AC12FC663B6F}"
EndProject
Project("{9A19103F-16F7-4668-BE54-9A1E7A4F7556}") = "SampleApp", "..\Sample\SampleApp\SampleApp\SampleApp.csproj", "{66ED9C1C-A45E-4927-B91E-8EC4D2B144D1}"
EndProject
Project("{9A19103F-16F7-4668-BE54-9A1E7A4F7556}") = "SampleApp.Mobile", "..\Sample\SampleApp\SampleApp.Mobile\SampleApp.Mobile.csproj", "{E2010327-8D57-421F-98A6-4F80775DE8A6}"
EndProject
Project("{9A19103F-16F7-4668-BE54-9A1E7A4F7556}") = "SampleApp.Windows", "..\Sample\SampleApp\SampleApp.Windows\SampleApp.Windows.csproj", "{6325D21E-2619-4315-B0C9-65FE97DDCA84}"
EndProject
Project("{9A19103F-16F7-4668-BE54-9A1E7A4F7556}") = "SampleApp.Wasm", "..\Sample\SampleApp\SampleApp.Wasm\SampleApp.Wasm.csproj", "{E4003C67-02B3-4A07-B0B5-5EB0BA3DEFE5}"
EndProject
Project("{9A19103F-16F7-4668-BE54-9A1E7A4F7556}") = "SampleApp.Skia.Gtk", "..\Sample\SampleApp\SampleApp.Skia.Gtk\SampleApp.Skia.Gtk.csproj", "{F3714582-64A8-4E1D-BA8E-DBEC472671D9}"
EndProject
Project("{9A19103F-16F7-4668-BE54-9A1E7A4F7556}") = "SampleApp.Skia.Wpf", "..\Sample\SampleApp\SampleApp.Skia.WPF\SampleApp.Skia.Wpf.csproj", "{9D25A6C9-B550-4E69-A0DC-80695C6C9694}"
EndProject
Project("{9A19103F-16F7-4668-BE54-9A1E7A4F7556}") = "SampleAPI", "..\Sample\SampleAPI\SampleAPI.csproj", "{7839DCC5-0EFD-4183-8FB0-7852131B135D}"
EndProject
Global
	GlobalSection(SolutionConfigurationPlatforms) = preSolution
		Debug|Any CPU = Debug|Any CPU
		Debug|arm64 = Debug|arm64
		Debug|x64 = Debug|x64
		Debug|x86 = Debug|x86
		Release|Any CPU = Release|Any CPU
		Release|arm64 = Release|arm64
		Release|x64 = Release|x64
		Release|x86 = Release|x86
	EndGlobalSection
	GlobalSection(ProjectConfigurationPlatforms) = postSolution
		{90C2D61E-F180-45A5-9D44-89C5814E089A}.Debug|Any CPU.ActiveCfg = Debug|Any CPU
		{90C2D61E-F180-45A5-9D44-89C5814E089A}.Debug|Any CPU.Build.0 = Debug|Any CPU
		{90C2D61E-F180-45A5-9D44-89C5814E089A}.Debug|arm64.ActiveCfg = Debug|Any CPU
		{90C2D61E-F180-45A5-9D44-89C5814E089A}.Debug|arm64.Build.0 = Debug|Any CPU
		{90C2D61E-F180-45A5-9D44-89C5814E089A}.Debug|x64.ActiveCfg = Debug|Any CPU
		{90C2D61E-F180-45A5-9D44-89C5814E089A}.Debug|x64.Build.0 = Debug|Any CPU
		{90C2D61E-F180-45A5-9D44-89C5814E089A}.Debug|x86.ActiveCfg = Debug|Any CPU
		{90C2D61E-F180-45A5-9D44-89C5814E089A}.Debug|x86.Build.0 = Debug|Any CPU
		{90C2D61E-F180-45A5-9D44-89C5814E089A}.Release|Any CPU.ActiveCfg = Release|Any CPU
		{90C2D61E-F180-45A5-9D44-89C5814E089A}.Release|Any CPU.Build.0 = Release|Any CPU
		{90C2D61E-F180-45A5-9D44-89C5814E089A}.Release|arm64.ActiveCfg = Release|Any CPU
		{90C2D61E-F180-45A5-9D44-89C5814E089A}.Release|arm64.Build.0 = Release|Any CPU
		{90C2D61E-F180-45A5-9D44-89C5814E089A}.Release|x64.ActiveCfg = Release|Any CPU
		{90C2D61E-F180-45A5-9D44-89C5814E089A}.Release|x64.Build.0 = Release|Any CPU
		{90C2D61E-F180-45A5-9D44-89C5814E089A}.Release|x86.ActiveCfg = Release|Any CPU
		{90C2D61E-F180-45A5-9D44-89C5814E089A}.Release|x86.Build.0 = Release|Any CPU
		{66ED9C1C-A45E-4927-B91E-8EC4D2B144D1}.Debug|Any CPU.ActiveCfg = Debug|Any CPU
		{66ED9C1C-A45E-4927-B91E-8EC4D2B144D1}.Debug|Any CPU.Build.0 = Debug|Any CPU
		{66ED9C1C-A45E-4927-B91E-8EC4D2B144D1}.Debug|arm64.ActiveCfg = Debug|Any CPU
		{66ED9C1C-A45E-4927-B91E-8EC4D2B144D1}.Debug|arm64.Build.0 = Debug|Any CPU
		{66ED9C1C-A45E-4927-B91E-8EC4D2B144D1}.Debug|x64.ActiveCfg = Debug|Any CPU
		{66ED9C1C-A45E-4927-B91E-8EC4D2B144D1}.Debug|x64.Build.0 = Debug|Any CPU
		{66ED9C1C-A45E-4927-B91E-8EC4D2B144D1}.Debug|x86.ActiveCfg = Debug|Any CPU
		{66ED9C1C-A45E-4927-B91E-8EC4D2B144D1}.Debug|x86.Build.0 = Debug|Any CPU
		{66ED9C1C-A45E-4927-B91E-8EC4D2B144D1}.Release|Any CPU.ActiveCfg = Release|Any CPU
		{66ED9C1C-A45E-4927-B91E-8EC4D2B144D1}.Release|Any CPU.Build.0 = Release|Any CPU
		{66ED9C1C-A45E-4927-B91E-8EC4D2B144D1}.Release|arm64.ActiveCfg = Release|Any CPU
		{66ED9C1C-A45E-4927-B91E-8EC4D2B144D1}.Release|arm64.Build.0 = Release|Any CPU
		{66ED9C1C-A45E-4927-B91E-8EC4D2B144D1}.Release|x64.ActiveCfg = Release|Any CPU
		{66ED9C1C-A45E-4927-B91E-8EC4D2B144D1}.Release|x64.Build.0 = Release|Any CPU
		{66ED9C1C-A45E-4927-B91E-8EC4D2B144D1}.Release|x86.ActiveCfg = Release|Any CPU
		{66ED9C1C-A45E-4927-B91E-8EC4D2B144D1}.Release|x86.Build.0 = Release|Any CPU
		{E2010327-8D57-421F-98A6-4F80775DE8A6}.Debug|Any CPU.ActiveCfg = Debug|Any CPU
		{E2010327-8D57-421F-98A6-4F80775DE8A6}.Debug|Any CPU.Build.0 = Debug|Any CPU
		{E2010327-8D57-421F-98A6-4F80775DE8A6}.Debug|arm64.ActiveCfg = Debug|Any CPU
		{E2010327-8D57-421F-98A6-4F80775DE8A6}.Debug|arm64.Build.0 = Debug|Any CPU
		{E2010327-8D57-421F-98A6-4F80775DE8A6}.Debug|x64.ActiveCfg = Debug|Any CPU
		{E2010327-8D57-421F-98A6-4F80775DE8A6}.Debug|x64.Build.0 = Debug|Any CPU
		{E2010327-8D57-421F-98A6-4F80775DE8A6}.Debug|x86.ActiveCfg = Debug|Any CPU
		{E2010327-8D57-421F-98A6-4F80775DE8A6}.Debug|x86.Build.0 = Debug|Any CPU
		{E2010327-8D57-421F-98A6-4F80775DE8A6}.Release|Any CPU.ActiveCfg = Release|Any CPU
		{E2010327-8D57-421F-98A6-4F80775DE8A6}.Release|Any CPU.Build.0 = Release|Any CPU
		{E2010327-8D57-421F-98A6-4F80775DE8A6}.Release|arm64.ActiveCfg = Release|Any CPU
		{E2010327-8D57-421F-98A6-4F80775DE8A6}.Release|arm64.Build.0 = Release|Any CPU
		{E2010327-8D57-421F-98A6-4F80775DE8A6}.Release|x64.ActiveCfg = Release|Any CPU
		{E2010327-8D57-421F-98A6-4F80775DE8A6}.Release|x64.Build.0 = Release|Any CPU
		{E2010327-8D57-421F-98A6-4F80775DE8A6}.Release|x86.ActiveCfg = Release|Any CPU
		{E2010327-8D57-421F-98A6-4F80775DE8A6}.Release|x86.Build.0 = Release|Any CPU
		{6325D21E-2619-4315-B0C9-65FE97DDCA84}.Debug|Any CPU.ActiveCfg = Debug|x64
		{6325D21E-2619-4315-B0C9-65FE97DDCA84}.Debug|Any CPU.Build.0 = Debug|x64
		{6325D21E-2619-4315-B0C9-65FE97DDCA84}.Debug|Any CPU.Deploy.0 = Debug|x64
		{6325D21E-2619-4315-B0C9-65FE97DDCA84}.Debug|arm64.ActiveCfg = Debug|arm64
		{6325D21E-2619-4315-B0C9-65FE97DDCA84}.Debug|arm64.Build.0 = Debug|arm64
		{6325D21E-2619-4315-B0C9-65FE97DDCA84}.Debug|x64.ActiveCfg = Debug|x64
		{6325D21E-2619-4315-B0C9-65FE97DDCA84}.Debug|x64.Build.0 = Debug|x64
		{6325D21E-2619-4315-B0C9-65FE97DDCA84}.Debug|x86.ActiveCfg = Debug|x86
		{6325D21E-2619-4315-B0C9-65FE97DDCA84}.Debug|x86.Build.0 = Debug|x86
		{6325D21E-2619-4315-B0C9-65FE97DDCA84}.Release|Any CPU.ActiveCfg = Release|x64
		{6325D21E-2619-4315-B0C9-65FE97DDCA84}.Release|Any CPU.Build.0 = Release|x64
		{6325D21E-2619-4315-B0C9-65FE97DDCA84}.Release|Any CPU.Deploy.0 = Release|x64
		{6325D21E-2619-4315-B0C9-65FE97DDCA84}.Release|arm64.ActiveCfg = Release|arm64
		{6325D21E-2619-4315-B0C9-65FE97DDCA84}.Release|arm64.Build.0 = Release|arm64
		{6325D21E-2619-4315-B0C9-65FE97DDCA84}.Release|x64.ActiveCfg = Release|x64
		{6325D21E-2619-4315-B0C9-65FE97DDCA84}.Release|x64.Build.0 = Release|x64
		{6325D21E-2619-4315-B0C9-65FE97DDCA84}.Release|x86.ActiveCfg = Release|x86
		{6325D21E-2619-4315-B0C9-65FE97DDCA84}.Release|x86.Build.0 = Release|x86
		{E4003C67-02B3-4A07-B0B5-5EB0BA3DEFE5}.Debug|Any CPU.ActiveCfg = Debug|Any CPU
		{E4003C67-02B3-4A07-B0B5-5EB0BA3DEFE5}.Debug|Any CPU.Build.0 = Debug|Any CPU
		{E4003C67-02B3-4A07-B0B5-5EB0BA3DEFE5}.Debug|arm64.ActiveCfg = Debug|Any CPU
		{E4003C67-02B3-4A07-B0B5-5EB0BA3DEFE5}.Debug|arm64.Build.0 = Debug|Any CPU
		{E4003C67-02B3-4A07-B0B5-5EB0BA3DEFE5}.Debug|x64.ActiveCfg = Debug|Any CPU
		{E4003C67-02B3-4A07-B0B5-5EB0BA3DEFE5}.Debug|x64.Build.0 = Debug|Any CPU
		{E4003C67-02B3-4A07-B0B5-5EB0BA3DEFE5}.Debug|x86.ActiveCfg = Debug|Any CPU
		{E4003C67-02B3-4A07-B0B5-5EB0BA3DEFE5}.Debug|x86.Build.0 = Debug|Any CPU
		{E4003C67-02B3-4A07-B0B5-5EB0BA3DEFE5}.Release|Any CPU.ActiveCfg = Release|Any CPU
		{E4003C67-02B3-4A07-B0B5-5EB0BA3DEFE5}.Release|Any CPU.Build.0 = Release|Any CPU
		{E4003C67-02B3-4A07-B0B5-5EB0BA3DEFE5}.Release|arm64.ActiveCfg = Release|Any CPU
		{E4003C67-02B3-4A07-B0B5-5EB0BA3DEFE5}.Release|arm64.Build.0 = Release|Any CPU
		{E4003C67-02B3-4A07-B0B5-5EB0BA3DEFE5}.Release|x64.ActiveCfg = Release|Any CPU
		{E4003C67-02B3-4A07-B0B5-5EB0BA3DEFE5}.Release|x64.Build.0 = Release|Any CPU
		{E4003C67-02B3-4A07-B0B5-5EB0BA3DEFE5}.Release|x86.ActiveCfg = Release|Any CPU
		{E4003C67-02B3-4A07-B0B5-5EB0BA3DEFE5}.Release|x86.Build.0 = Release|Any CPU
		{F3714582-64A8-4E1D-BA8E-DBEC472671D9}.Debug|Any CPU.ActiveCfg = Debug|Any CPU
		{F3714582-64A8-4E1D-BA8E-DBEC472671D9}.Debug|Any CPU.Build.0 = Debug|Any CPU
		{F3714582-64A8-4E1D-BA8E-DBEC472671D9}.Debug|arm64.ActiveCfg = Debug|Any CPU
		{F3714582-64A8-4E1D-BA8E-DBEC472671D9}.Debug|arm64.Build.0 = Debug|Any CPU
		{F3714582-64A8-4E1D-BA8E-DBEC472671D9}.Debug|x64.ActiveCfg = Debug|Any CPU
		{F3714582-64A8-4E1D-BA8E-DBEC472671D9}.Debug|x64.Build.0 = Debug|Any CPU
		{F3714582-64A8-4E1D-BA8E-DBEC472671D9}.Debug|x86.ActiveCfg = Debug|Any CPU
		{F3714582-64A8-4E1D-BA8E-DBEC472671D9}.Debug|x86.Build.0 = Debug|Any CPU
		{F3714582-64A8-4E1D-BA8E-DBEC472671D9}.Release|Any CPU.ActiveCfg = Release|Any CPU
		{F3714582-64A8-4E1D-BA8E-DBEC472671D9}.Release|Any CPU.Build.0 = Release|Any CPU
		{F3714582-64A8-4E1D-BA8E-DBEC472671D9}.Release|arm64.ActiveCfg = Release|Any CPU
		{F3714582-64A8-4E1D-BA8E-DBEC472671D9}.Release|arm64.Build.0 = Release|Any CPU
		{F3714582-64A8-4E1D-BA8E-DBEC472671D9}.Release|x64.ActiveCfg = Release|Any CPU
		{F3714582-64A8-4E1D-BA8E-DBEC472671D9}.Release|x64.Build.0 = Release|Any CPU
		{F3714582-64A8-4E1D-BA8E-DBEC472671D9}.Release|x86.ActiveCfg = Release|Any CPU
		{F3714582-64A8-4E1D-BA8E-DBEC472671D9}.Release|x86.Build.0 = Release|Any CPU
		{9D25A6C9-B550-4E69-A0DC-80695C6C9694}.Debug|Any CPU.ActiveCfg = Debug|Any CPU
		{9D25A6C9-B550-4E69-A0DC-80695C6C9694}.Debug|Any CPU.Build.0 = Debug|Any CPU
		{9D25A6C9-B550-4E69-A0DC-80695C6C9694}.Debug|arm64.ActiveCfg = Debug|Any CPU
		{9D25A6C9-B550-4E69-A0DC-80695C6C9694}.Debug|arm64.Build.0 = Debug|Any CPU
		{9D25A6C9-B550-4E69-A0DC-80695C6C9694}.Debug|x64.ActiveCfg = Debug|Any CPU
		{9D25A6C9-B550-4E69-A0DC-80695C6C9694}.Debug|x64.Build.0 = Debug|Any CPU
		{9D25A6C9-B550-4E69-A0DC-80695C6C9694}.Debug|x86.ActiveCfg = Debug|Any CPU
		{9D25A6C9-B550-4E69-A0DC-80695C6C9694}.Debug|x86.Build.0 = Debug|Any CPU
		{9D25A6C9-B550-4E69-A0DC-80695C6C9694}.Release|Any CPU.ActiveCfg = Release|Any CPU
		{9D25A6C9-B550-4E69-A0DC-80695C6C9694}.Release|Any CPU.Build.0 = Release|Any CPU
		{9D25A6C9-B550-4E69-A0DC-80695C6C9694}.Release|arm64.ActiveCfg = Release|Any CPU
		{9D25A6C9-B550-4E69-A0DC-80695C6C9694}.Release|arm64.Build.0 = Release|Any CPU
		{9D25A6C9-B550-4E69-A0DC-80695C6C9694}.Release|x64.ActiveCfg = Release|Any CPU
		{9D25A6C9-B550-4E69-A0DC-80695C6C9694}.Release|x64.Build.0 = Release|Any CPU
		{9D25A6C9-B550-4E69-A0DC-80695C6C9694}.Release|x86.ActiveCfg = Release|Any CPU
		{9D25A6C9-B550-4E69-A0DC-80695C6C9694}.Release|x86.Build.0 = Release|Any CPU
		{7839DCC5-0EFD-4183-8FB0-7852131B135D}.Debug|Any CPU.ActiveCfg = Debug|Any CPU
		{7839DCC5-0EFD-4183-8FB0-7852131B135D}.Debug|Any CPU.Build.0 = Debug|Any CPU
		{7839DCC5-0EFD-4183-8FB0-7852131B135D}.Debug|arm64.ActiveCfg = Debug|Any CPU
		{7839DCC5-0EFD-4183-8FB0-7852131B135D}.Debug|arm64.Build.0 = Debug|Any CPU
		{7839DCC5-0EFD-4183-8FB0-7852131B135D}.Debug|x64.ActiveCfg = Debug|Any CPU
		{7839DCC5-0EFD-4183-8FB0-7852131B135D}.Debug|x64.Build.0 = Debug|Any CPU
		{7839DCC5-0EFD-4183-8FB0-7852131B135D}.Debug|x86.ActiveCfg = Debug|Any CPU
		{7839DCC5-0EFD-4183-8FB0-7852131B135D}.Debug|x86.Build.0 = Debug|Any CPU
		{7839DCC5-0EFD-4183-8FB0-7852131B135D}.Release|Any CPU.ActiveCfg = Release|Any CPU
		{7839DCC5-0EFD-4183-8FB0-7852131B135D}.Release|Any CPU.Build.0 = Release|Any CPU
		{7839DCC5-0EFD-4183-8FB0-7852131B135D}.Release|arm64.ActiveCfg = Release|Any CPU
		{7839DCC5-0EFD-4183-8FB0-7852131B135D}.Release|arm64.Build.0 = Release|Any CPU
		{7839DCC5-0EFD-4183-8FB0-7852131B135D}.Release|x64.ActiveCfg = Release|Any CPU
		{7839DCC5-0EFD-4183-8FB0-7852131B135D}.Release|x64.Build.0 = Release|Any CPU
		{7839DCC5-0EFD-4183-8FB0-7852131B135D}.Release|x86.ActiveCfg = Release|Any CPU
		{7839DCC5-0EFD-4183-8FB0-7852131B135D}.Release|x86.Build.0 = Release|Any CPU
	EndGlobalSection
	GlobalSection(SolutionProperties) = preSolution
		HideSolutionNode = FALSE
	EndGlobalSection
	GlobalSection(NestedProjects) = preSolution
		{66ED9C1C-A45E-4927-B91E-8EC4D2B144D1} = {99A5B9CA-EC07-429F-B65A-AC12FC663B6F}
		{E2010327-8D57-421F-98A6-4F80775DE8A6} = {99A5B9CA-EC07-429F-B65A-AC12FC663B6F}
		{6325D21E-2619-4315-B0C9-65FE97DDCA84} = {99A5B9CA-EC07-429F-B65A-AC12FC663B6F}
		{E4003C67-02B3-4A07-B0B5-5EB0BA3DEFE5} = {99A5B9CA-EC07-429F-B65A-AC12FC663B6F}
		{F3714582-64A8-4E1D-BA8E-DBEC472671D9} = {99A5B9CA-EC07-429F-B65A-AC12FC663B6F}
		{9D25A6C9-B550-4E69-A0DC-80695C6C9694} = {99A5B9CA-EC07-429F-B65A-AC12FC663B6F}
		{7839DCC5-0EFD-4183-8FB0-7852131B135D} = {99A5B9CA-EC07-429F-B65A-AC12FC663B6F}
	EndGlobalSection
	GlobalSection(ExtensibilityGlobals) = postSolution
		SolutionGuid = {7B793880-FEE4-4F8B-A0DE-DCED0B74588A}
	EndGlobalSection
EndGlobal
